
Microsoft Visual Studio Solution File, Format Version 11.00
# Visual Studio 2010
Project("{FAE04EC0-301F-11D3-BF4B-00C04F79EFBC}") = "AwesomeEnterpriseApp", "AwesomeEnterpriseApp\AwesomeEnterpriseApp.csproj", "{A28AED2D-9528-4066-A94F-D596593C86F6}"
EndProject
Project("{FAE04EC0-301F-11D3-BF4B-00C04F79EFBC}") = "AwesomeEnterpriseApp.Tests", "AwesomeEnterpriseApp.Tests\AwesomeEnterpriseApp.Tests.csproj", "{DFB9AF0A-24A8-468F-A9DE-288B1F66ED3B}"
EndProject
Global
	GlobalSection(SolutionConfigurationPlatforms) = preSolution
		Debug|Any CPU = Debug|Any CPU
		Release|Any CPU = Release|Any CPU
	EndGlobalSection
	GlobalSection(ProjectConfigurationPlatforms) = postSolution
		{A28AED2D-9528-4066-A94F-D596593C86F6}.Debug|Any CPU.ActiveCfg = Debug|Any CPU
		{A28AED2D-9528-4066-A94F-D596593C86F6}.Debug|Any CPU.Build.0 = Debug|Any CPU
		{A28AED2D-9528-4066-A94F-D596593C86F6}.Release|Any CPU.ActiveCfg = Release|Any CPU
		{A28AED2D-9528-4066-A94F-D596593C86F6}.Release|Any CPU.Build.0 = Release|Any CPU
		{DFB9AF0A-24A8-468F-A9DE-288B1F66ED3B}.Debug|Any CPU.ActiveCfg = Debug|Any CPU
		{DFB9AF0A-24A8-468F-A9DE-288B1F66ED3B}.Debug|Any CPU.Build.0 = Debug|Any CPU
		{DFB9AF0A-24A8-468F-A9DE-288B1F66ED3B}.Release|Any CPU.ActiveCfg = Release|Any CPU
		{DFB9AF0A-24A8-468F-A9DE-288B1F66ED3B}.Release|Any CPU.Build.0 = Release|Any CPU
	EndGlobalSection
	GlobalSection(SolutionProperties) = preSolution
		HideSolutionNode = FALSE
	EndGlobalSection
EndGlobal
